
Microsoft Visual Studio Solution File, Format Version 12.00
# Visual Studio Version 16
VisualStudioVersion = 16.0.31702.278
MinimumVisualStudioVersion = 10.0.40219.1
Project("{FAE04EC0-301F-11D3-BF4B-00C04F79EFBC}") = "StacksAndQueues-Day14", "StacksAndQueues-Day14\StacksAndQueues-Day14.csproj", "{FEF0EDCE-B558-4EA0-8FB3-2A00F900BF94}"
EndProject
Global
	GlobalSection(SolutionConfigurationPlatforms) = preSolution
		Debug|Any CPU = Debug|Any CPU
		Release|Any CPU = Release|Any CPU
	EndGlobalSection
	GlobalSection(ProjectConfigurationPlatforms) = postSolution
		{FEF0EDCE-B558-4EA0-8FB3-2A00F900BF94}.Debug|Any CPU.ActiveCfg = Debug|Any CPU
		{FEF0EDCE-B558-4EA0-8FB3-2A00F900BF94}.Debug|Any CPU.Build.0 = Debug|Any CPU
		{FEF0EDCE-B558-4EA0-8FB3-2A00F900BF94}.Release|Any CPU.ActiveCfg = Release|Any CPU
		{FEF0EDCE-B558-4EA0-8FB3-2A00F900BF94}.Release|Any CPU.Build.0 = Release|Any CPU
	EndGlobalSection
	GlobalSection(SolutionProperties) = preSolution
		HideSolutionNode = FALSE
	EndGlobalSection
	GlobalSection(ExtensibilityGlobals) = postSolution
		SolutionGuid = {E1116E5E-9A24-41A0-81CA-F4B10D1CA427}
	EndGlobalSection
EndGlobal
